
Microsoft Visual Studio Solution File, Format Version 12.00
# Visual Studio 15
VisualStudioVersion = 15.0.28307.271
MinimumVisualStudioVersion = 10.0.40219.1
Project("{FAE04EC0-301F-11D3-BF4B-00C04F79EFBC}") = "TheForestMod", "TheForestMod\TheForestMod.csproj", "{F612FFAD-8D2A-4F94-B185-0E83B8B82CB7}"
EndProject
Global
	GlobalSection(SolutionConfigurationPlatforms) = preSolution
		Debug|Any CPU = Debug|Any CPU
		Release|Any CPU = Release|Any CPU
	EndGlobalSection
	GlobalSection(ProjectConfigurationPlatforms) = postSolution
		{F612FFAD-8D2A-4F94-B185-0E83B8B82CB7}.Debug|Any CPU.ActiveCfg = Debug|Any CPU
		{F612FFAD-8D2A-4F94-B185-0E83B8B82CB7}.Debug|Any CPU.Build.0 = Debug|Any CPU
		{F612FFAD-8D2A-4F94-B185-0E83B8B82CB7}.Release|Any CPU.ActiveCfg = Release|Any CPU
		{F612FFAD-8D2A-4F94-B185-0E83B8B82CB7}.Release|Any CPU.Build.0 = Release|Any CPU
	EndGlobalSection
	GlobalSection(SolutionProperties) = preSolution
		HideSolutionNode = FALSE
	EndGlobalSection
	GlobalSection(ExtensibilityGlobals) = postSolution
		SolutionGuid = {F2285396-01FA-4EBE-ACEB-53CE5BFEF291}
	EndGlobalSection
EndGlobal
